// !$*UTF8*$!
{
	archiveVersion = 1;
	classes = {
	};
	objectVersion = 46;
	objects = {

/* Begin PBXBuildFile section */
		9BD7C4EF1C78D16200699FBA /* AppDelegate.swift in Sources */ = {isa = PBXBuildFile; fileRef = 9BD7C4EE1C78D16200699FBA /* AppDelegate.swift */; };
		9BD7C4F11C78D16200699FBA /* IndexViewController.swift in Sources */ = {isa = PBXBuildFile; fileRef = 9BD7C4F01C78D16200699FBA /* IndexViewController.swift */; };
		9BD7C4F41C78D16200699FBA /* Main.storyboard in Resources */ = {isa = PBXBuildFile; fileRef = 9BD7C4F21C78D16200699FBA /* Main.storyboard */; };
		9BD7C4F61C78D16200699FBA /* Assets.xcassets in Resources */ = {isa = PBXBuildFile; fileRef = 9BD7C4F51C78D16200699FBA /* Assets.xcassets */; };
		9BD7C4F91C78D16200699FBA /* LaunchScreen.storyboard in Resources */ = {isa = PBXBuildFile; fileRef = 9BD7C4F71C78D16200699FBA /* LaunchScreen.storyboard */; };
		9BD7C5011C78D48400699FBA /* LocateViewController.swift in Sources */ = {isa = PBXBuildFile; fileRef = 9BD7C5001C78D48400699FBA /* LocateViewController.swift */; };
		9BD7C5031C78D4A700699FBA /* CityViewController.swift in Sources */ = {isa = PBXBuildFile; fileRef = 9BD7C5021C78D4A700699FBA /* CityViewController.swift */; };
		9BD7C5061C78F31C00699FBA /* LabelCell.swift in Sources */ = {isa = PBXBuildFile; fileRef = 9BD7C5051C78F31B00699FBA /* LabelCell.swift */; };
		9BD7C5081C78F33300699FBA /* PickerCell.swift in Sources */ = {isa = PBXBuildFile; fileRef = 9BD7C5071C78F33300699FBA /* PickerCell.swift */; };
		9BD7C50A1C78FF2F00699FBA /* SearchCell.swift in Sources */ = {isa = PBXBuildFile; fileRef = 9BD7C5091C78FF2F00699FBA /* SearchCell.swift */; };
		9BD7C5101C79400C00699FBA /* OriginViewController.swift in Sources */ = {isa = PBXBuildFile; fileRef = 9BD7C50F1C79400C00699FBA /* OriginViewController.swift */; };
/* End PBXBuildFile section */

/* Begin PBXFileReference section */
		9BD7C4EB1C78D16200699FBA /* SnapTrip.app */ = {isa = PBXFileReference; explicitFileType = wrapper.application; includeInIndex = 0; path = SnapTrip.app; sourceTree = BUILT_PRODUCTS_DIR; };
		9BD7C4EE1C78D16200699FBA /* AppDelegate.swift */ = {isa = PBXFileReference; lastKnownFileType = sourcecode.swift; path = AppDelegate.swift; sourceTree = "<group>"; };
		9BD7C4F01C78D16200699FBA /* IndexViewController.swift */ = {isa = PBXFileReference; lastKnownFileType = sourcecode.swift; path = IndexViewController.swift; sourceTree = "<group>"; };
		9BD7C4F31C78D16200699FBA /* Base */ = {isa = PBXFileReference; lastKnownFileType = file.storyboard; name = Base; path = Base.lproj/Main.storyboard; sourceTree = "<group>"; };
		9BD7C4F51C78D16200699FBA /* Assets.xcassets */ = {isa = PBXFileReference; lastKnownFileType = folder.assetcatalog; path = Assets.xcassets; sourceTree = "<group>"; };
		9BD7C4F81C78D16200699FBA /* Base */ = {isa = PBXFileReference; lastKnownFileType = file.storyboard; name = Base; path = Base.lproj/LaunchScreen.storyboard; sourceTree = "<group>"; };
		9BD7C4FA1C78D16200699FBA /* Info.plist */ = {isa = PBXFileReference; lastKnownFileType = text.plist.xml; path = Info.plist; sourceTree = "<group>"; };
		9BD7C5001C78D48400699FBA /* LocateViewController.swift */ = {isa = PBXFileReference; fileEncoding = 4; lastKnownFileType = sourcecode.swift; path = LocateViewController.swift; sourceTree = "<group>"; };
		9BD7C5021C78D4A700699FBA /* CityViewController.swift */ = {isa = PBXFileReference; fileEncoding = 4; lastKnownFileType = sourcecode.swift; path = CityViewController.swift; sourceTree = "<group>"; };
		9BD7C5051C78F31B00699FBA /* LabelCell.swift */ = {isa = PBXFileReference; fileEncoding = 4; lastKnownFileType = sourcecode.swift; path = LabelCell.swift; sourceTree = "<group>"; };
		9BD7C5071C78F33300699FBA /* PickerCell.swift */ = {isa = PBXFileReference; fileEncoding = 4; lastKnownFileType = sourcecode.swift; path = PickerCell.swift; sourceTree = "<group>"; };
		9BD7C5091C78FF2F00699FBA /* SearchCell.swift */ = {isa = PBXFileReference; fileEncoding = 4; lastKnownFileType = sourcecode.swift; path = SearchCell.swift; sourceTree = "<group>"; };
		9BD7C50F1C79400C00699FBA /* OriginViewController.swift */ = {isa = PBXFileReference; fileEncoding = 4; lastKnownFileType = sourcecode.swift; path = OriginViewController.swift; sourceTree = "<group>"; };
/* End PBXFileReference section */

/* Begin PBXFrameworksBuildPhase section */
		9BD7C4E81C78D16100699FBA /* Frameworks */ = {
			isa = PBXFrameworksBuildPhase;
			buildActionMask = 2147483647;
			files = (
			);
			runOnlyForDeploymentPostprocessing = 0;
		};
/* End PBXFrameworksBuildPhase section */

/* Begin PBXGroup section */
		9BD7C4E21C78D16100699FBA = {
			isa = PBXGroup;
			children = (
				9BD7C4ED1C78D16200699FBA /* SnapTrip */,
				9BD7C4EC1C78D16200699FBA /* Products */,
			);
			sourceTree = "<group>";
		};
		9BD7C4EC1C78D16200699FBA /* Products */ = {
			isa = PBXGroup;
			children = (
				9BD7C4EB1C78D16200699FBA /* SnapTrip.app */,
			);
			name = Products;
			sourceTree = "<group>";
		};
		9BD7C4ED1C78D16200699FBA /* SnapTrip */ = {
			isa = PBXGroup;
			children = (
				9BD7C4EE1C78D16200699FBA /* AppDelegate.swift */,
				9BD7C5041C78F2DD00699FBA /* LocateCells */,
				9BD7C4F01C78D16200699FBA /* IndexViewController.swift */,
				9BD7C50F1C79400C00699FBA /* OriginViewController.swift */,
				9BD7C5001C78D48400699FBA /* LocateViewController.swift */,
				9BD7C5021C78D4A700699FBA /* CityViewController.swift */,
				9BD7C4F21C78D16200699FBA /* Main.storyboard */,
				9BD7C4F51C78D16200699FBA /* Assets.xcassets */,
				9BD7C4F71C78D16200699FBA /* LaunchScreen.storyboard */,
				9BD7C4FA1C78D16200699FBA /* Info.plist */,
			);
			name = SnapTrip;
			path = snaptrip;
			sourceTree = "<group>";
		};
		9BD7C5041C78F2DD00699FBA /* LocateCells */ = {
			isa = PBXGroup;
			children = (
				9BD7C5051C78F31B00699FBA /* LabelCell.swift */,
				9BD7C5071C78F33300699FBA /* PickerCell.swift */,
				9BD7C5091C78FF2F00699FBA /* SearchCell.swift */,
			);
			name = LocateCells;
			sourceTree = "<group>";
		};
/* End PBXGroup section */

/* Begin PBXNativeTarget section */
		9BD7C4EA1C78D16100699FBA /* snaptrip */ = {
			isa = PBXNativeTarget;
			buildConfigurationList = 9BD7C4FD1C78D16200699FBA /* Build configuration list for PBXNativeTarget "snaptrip" */;
			buildPhases = (
				9BD7C4E71C78D16100699FBA /* Sources */,
				9BD7C4E81C78D16100699FBA /* Frameworks */,
				9BD7C4E91C78D16100699FBA /* Resources */,
			);
			buildRules = (
			);
			dependencies = (
			);
			name = snaptrip;
			productName = snaptrip;
			productReference = 9BD7C4EB1C78D16200699FBA /* SnapTrip.app */;
			productType = "com.apple.product-type.application";
		};
/* End PBXNativeTarget section */

/* Begin PBXProject section */
		9BD7C4E31C78D16100699FBA /* Project object */ = {
			isa = PBXProject;
			attributes = {
				LastSwiftUpdateCheck = 0720;
				LastUpgradeCheck = 0720;
				ORGANIZATIONNAME = mrsata;
				TargetAttributes = {
					9BD7C4EA1C78D16100699FBA = {
						CreatedOnToolsVersion = 7.2.1;
						DevelopmentTeam = 477CNH7T4Q;
					};
				};
			};
			buildConfigurationList = 9BD7C4E61C78D16100699FBA /* Build configuration list for PBXProject "SnapTrip" */;
			compatibilityVersion = "Xcode 3.2";
			developmentRegion = English;
			hasScannedForEncodings = 0;
			knownRegions = (
				en,
				Base,
			);
			mainGroup = 9BD7C4E21C78D16100699FBA;
			productRefGroup = 9BD7C4EC1C78D16200699FBA /* Products */;
			projectDirPath = "";
			projectRoot = "";
			targets = (
				9BD7C4EA1C78D16100699FBA /* snaptrip */,
			);
		};
/* End PBXProject section */

/* Begin PBXResourcesBuildPhase section */
		9BD7C4E91C78D16100699FBA /* Resources */ = {
			isa = PBXResourcesBuildPhase;
			buildActionMask = 2147483647;
			files = (
				9BD7C4F91C78D16200699FBA /* LaunchScreen.storyboard in Resources */,
				9BD7C4F61C78D16200699FBA /* Assets.xcassets in Resources */,
				9BD7C4F41C78D16200699FBA /* Main.storyboard in Resources */,
			);
			runOnlyForDeploymentPostprocessing = 0;
		};
/* End PBXResourcesBuildPhase section */

/* Begin PBXSourcesBuildPhase section */
		9BD7C4E71C78D16100699FBA /* Sources */ = {
			isa = PBXSourcesBuildPhase;
			buildActionMask = 2147483647;
			files = (
				9BD7C5011C78D48400699FBA /* LocateViewController.swift in Sources */,
				9BD7C4F11C78D16200699FBA /* IndexViewController.swift in Sources */,
				9BD7C4EF1C78D16200699FBA /* AppDelegate.swift in Sources */,
				9BD7C50A1C78FF2F00699FBA /* SearchCell.swift in Sources */,
				9BD7C5101C79400C00699FBA /* OriginViewController.swift in Sources */,
				9BD7C5061C78F31C00699FBA /* LabelCell.swift in Sources */,
				9BD7C5031C78D4A700699FBA /* CityViewController.swift in Sources */,
				9BD7C5081C78F33300699FBA /* PickerCell.swift in Sources */,
			);
			runOnlyForDeploymentPostprocessing = 0;
		};
/* End PBXSourcesBuildPhase section */

/* Begin PBXVariantGroup section */
		9BD7C4F21C78D16200699FBA /* Main.storyboard */ = {
			isa = PBXVariantGroup;
			children = (
				9BD7C4F31C78D16200699FBA /* Base */,
			);
			name = Main.storyboard;
			sourceTree = "<group>";
		};
		9BD7C4F71C78D16200699FBA /* LaunchScreen.storyboard */ = {
			isa = PBXVariantGroup;
			children = (
				9BD7C4F81C78D16200699FBA /* Base */,
			);
			name = LaunchScreen.storyboard;
			sourceTree = "<group>";
		};
/* End PBXVariantGroup section */

/* Begin XCBuildConfiguration section */
		9BD7C4FB1C78D16200699FBA /* Debug */ = {
			isa = XCBuildConfiguration;
			buildSettings = {
				ALWAYS_SEARCH_USER_PATHS = NO;
				CLANG_CXX_LANGUAGE_STANDARD = "gnu++0x";
				CLANG_CXX_LIBRARY = "libc++";
				CLANG_ENABLE_MODULES = YES;
				CLANG_ENABLE_OBJC_ARC = YES;
				CLANG_WARN_BOOL_CONVERSION = YES;
				CLANG_WARN_CONSTANT_CONVERSION = YES;
				CLANG_WARN_DIRECT_OBJC_ISA_USAGE = YES_ERROR;
				CLANG_WARN_EMPTY_BODY = YES;
				CLANG_WARN_ENUM_CONVERSION = YES;
				CLANG_WARN_INT_CONVERSION = YES;
				CLANG_WARN_OBJC_ROOT_CLASS = YES_ERROR;
				CLANG_WARN_UNREACHABLE_CODE = YES;
				CLANG_WARN__DUPLICATE_METHOD_MATCH = YES;
				"CODE_SIGN_IDENTITY[sdk=iphoneos*]" = "iPhone Developer";
				COPY_PHASE_STRIP = NO;
				DEBUG_INFORMATION_FORMAT = dwarf;
				ENABLE_STRICT_OBJC_MSGSEND = YES;
				ENABLE_TESTABILITY = YES;
				GCC_C_LANGUAGE_STANDARD = gnu99;
				GCC_DYNAMIC_NO_PIC = NO;
				GCC_NO_COMMON_BLOCKS = YES;
				GCC_OPTIMIZATION_LEVEL = 0;
				GCC_PREPROCESSOR_DEFINITIONS = (
					"DEBUG=1",
					"$(inherited)",
				);
				GCC_WARN_64_TO_32_BIT_CONVERSION = YES;
				GCC_WARN_ABOUT_RETURN_TYPE = YES_ERROR;
				GCC_WARN_UNDECLARED_SELECTOR = YES;
				GCC_WARN_UNINITIALIZED_AUTOS = YES_AGGRESSIVE;
				GCC_WARN_UNUSED_FUNCTION = YES;
				GCC_WARN_UNUSED_VARIABLE = YES;
				IPHONEOS_DEPLOYMENT_TARGET = 9.2;
				MTL_ENABLE_DEBUG_INFO = YES;
				ONLY_ACTIVE_ARCH = YES;
				SDKROOT = iphoneos;
				SWIFT_OPTIMIZATION_LEVEL = "-Onone";
				TARGETED_DEVICE_FAMILY = "1,2";
			};
			name = Debug;
		};
		9BD7C4FC1C78D16200699FBA /* Release */ = {
			isa = XCBuildConfiguration;
			buildSettings = {
				ALWAYS_SEARCH_USER_PATHS = NO;
				CLANG_CXX_LANGUAGE_STANDARD = "gnu++0x";
				CLANG_CXX_LIBRARY = "libc++";
				CLANG_ENABLE_MODULES = YES;
				CLANG_ENABLE_OBJC_ARC = YES;
				CLANG_WARN_BOOL_CONVERSION = YES;
				CLANG_WARN_CONSTANT_CONVERSION = YES;
				CLANG_WARN_DIRECT_OBJC_ISA_USAGE = YES_ERROR;
				CLANG_WARN_EMPTY_BODY = YES;
				CLANG_WARN_ENUM_CONVERSION = YES;
				CLANG_WARN_INT_CONVERSION = YES;
				CLANG_WARN_OBJC_ROOT_CLASS = YES_ERROR;
				CLANG_WARN_UNREACHABLE_CODE = YES;
				CLANG_WARN__DUPLICATE_METHOD_MATCH = YES;
				"CODE_SIGN_IDENTITY[sdk=iphoneos*]" = "iPhone Developer";
				COPY_PHASE_STRIP = NO;
				DEBUG_INFORMATION_FORMAT = "dwarf-with-dsym";
				ENABLE_NS_ASSERTIONS = NO;
				ENABLE_STRICT_OBJC_MSGSEND = YES;
				GCC_C_LANGUAGE_STANDARD = gnu99;
				GCC_NO_COMMON_BLOCKS = YES;
				GCC_WARN_64_TO_32_BIT_CONVERSION = YES;
				GCC_WARN_ABOUT_RETURN_TYPE = YES_ERROR;
				GCC_WARN_UNDECLARED_SELECTOR = YES;
				GCC_WARN_UNINITIALIZED_AUTOS = YES_AGGRESSIVE;
				GCC_WARN_UNUSED_FUNCTION = YES;
				GCC_WARN_UNUSED_VARIABLE = YES;
				IPHONEOS_DEPLOYMENT_TARGET = 9.2;
				MTL_ENABLE_DEBUG_INFO = NO;
				SDKROOT = iphoneos;
				TARGETED_DEVICE_FAMILY = "1,2";
				VALIDATE_PRODUCT = YES;
			};
			name = Release;
		};
		9BD7C4FE1C78D16200699FBA /* Debug */ = {
			isa = XCBuildConfiguration;
			buildSettings = {
				ASSETCATALOG_COMPILER_APPICON_NAME = AppIcon;
				INFOPLIST_FILE = snaptrip/Info.plist;
				LD_RUNPATH_SEARCH_PATHS = "$(inherited) @executable_path/Frameworks";
				PRODUCT_BUNDLE_IDENTIFIER = mrsata.snaptrip;
				PRODUCT_NAME = SnapTrip;
			};
			name = Debug;
		};
		9BD7C4FF1C78D16200699FBA /* Release */ = {
			isa = XCBuildConfiguration;
			buildSettings = {
				ASSETCATALOG_COMPILER_APPICON_NAME = AppIcon;
				INFOPLIST_FILE = snaptrip/Info.plist;
				LD_RUNPATH_SEARCH_PATHS = "$(inherited) @executable_path/Frameworks";
				PRODUCT_BUNDLE_IDENTIFIER = mrsata.snaptrip;
				PRODUCT_NAME = SnapTrip;
			};
			name = Release;
		};
/* End XCBuildConfiguration section */

/* Begin XCConfigurationList section */
		9BD7C4E61C78D16100699FBA /* Build configuration list for PBXProject "SnapTrip" */ = {
			isa = XCConfigurationList;
			buildConfigurations = (
				9BD7C4FB1C78D16200699FBA /* Debug */,
				9BD7C4FC1C78D16200699FBA /* Release */,
			);
			defaultConfigurationIsVisible = 0;
			defaultConfigurationName = Release;
		};
		9BD7C4FD1C78D16200699FBA /* Build configuration list for PBXNativeTarget "snaptrip" */ = {
			isa = XCConfigurationList;
			buildConfigurations = (
				9BD7C4FE1C78D16200699FBA /* Debug */,
				9BD7C4FF1C78D16200699FBA /* Release */,
			);
			defaultConfigurationIsVisible = 0;
			defaultConfigurationName = Release;
		};
/* End XCConfigurationList section */
	};
	rootObject = 9BD7C4E31C78D16100699FBA /* Project object */;
}
